// !$*UTF8*$!
{
	archiveVersion = 1;
	classes = {
	};
	objectVersion = 77;
	objects = {

/* Begin PBXContainerItemProxy section */
		114AD59A2D9F0EB700585EC9 /* PBXContainerItemProxy */ = {
			isa = PBXContainerItemProxy;
			containerPortal = 114AD5812D9F0EB500585EC9 /* Project object */;
			proxyType = 1;
			remoteGlobalIDString = 114AD5882D9F0EB500585EC9;
			remoteInfo = iKnowTheColor;
		};
		114AD5A42D9F0EB700585EC9 /* PBXContainerItemProxy */ = {
			isa = PBXContainerItemProxy;
			containerPortal = 114AD5812D9F0EB500585EC9 /* Project object */;
			proxyType = 1;
			remoteGlobalIDString = 114AD5882D9F0EB500585EC9;
			remoteInfo = iKnowTheColor;
		};
/* End PBXContainerItemProxy section */

/* Begin PBXFileReference section */
		114AD5892D9F0EB500585EC9 /* iKnowTheColor.app */ = {isa = PBXFileReference; explicitFileType = wrapper.application; includeInIndex = 0; path = iKnowTheColor.app; sourceTree = BUILT_PRODUCTS_DIR; };
		114AD5992D9F0EB700585EC9 /* iKnowTheColorTests.xctest */ = {isa = PBXFileReference; explicitFileType = wrapper.cfbundle; includeInIndex = 0; path = iKnowTheColorTests.xctest; sourceTree = BUILT_PRODUCTS_DIR; };
		114AD5A32D9F0EB700585EC9 /* iKnowTheColorUITests.xctest */ = {isa = PBXFileReference; explicitFileType = wrapper.cfbundle; includeInIndex = 0; path = iKnowTheColorUITests.xctest; sourceTree = BUILT_PRODUCTS_DIR; };
/* End PBXFileReference section */

/* Begin PBXFileSystemSynchronizedBuildFileExceptionSet section */
		114AD6D92DA4660800585EC9 /* Exceptions for "iKnowTheColor" folder in "iKnowTheColor" target */ = {
			isa = PBXFileSystemSynchronizedBuildFileExceptionSet;
			membershipExceptions = (
				Info.plist,
			);
			target = 114AD5882D9F0EB500585EC9 /* iKnowTheColor */;
		};
/* End PBXFileSystemSynchronizedBuildFileExceptionSet section */

/* Begin PBXFileSystemSynchronizedRootGroup section */
		114AD58B2D9F0EB500585EC9 /* iKnowTheColor */ = {
			isa = PBXFileSystemSynchronizedRootGroup;
			exceptions = (
				114AD6D92DA4660800585EC9 /* Exceptions for "iKnowTheColor" folder in "iKnowTheColor" target */,
			);
			path = iKnowTheColor;
			sourceTree = "<group>";
		};
		114AD59C2D9F0EB700585EC9 /* iKnowTheColorTests */ = {
			isa = PBXFileSystemSynchronizedRootGroup;
			path = iKnowTheColorTests;
			sourceTree = "<group>";
		};
		114AD5A62D9F0EB700585EC9 /* iKnowTheColorUITests */ = {
			isa = PBXFileSystemSynchronizedRootGroup;
			path = iKnowTheColorUITests;
			sourceTree = "<group>";
		};
/* End PBXFileSystemSynchronizedRootGroup section */

/* Begin PBXFrameworksBuildPhase section */
		114AD5862D9F0EB500585EC9 /* Frameworks */ = {
			isa = PBXFrameworksBuildPhase;
			buildActionMask = 2147483647;
			files = (
			);
			runOnlyForDeploymentPostprocessing = 0;
		};
		114AD5962D9F0EB700585EC9 /* Frameworks */ = {
			isa = PBXFrameworksBuildPhase;
			buildActionMask = 2147483647;
			files = (
			);
			runOnlyForDeploymentPostprocessing = 0;
		};
		114AD5A02D9F0EB700585EC9 /* Frameworks */ = {
			isa = PBXFrameworksBuildPhase;
			buildActionMask = 2147483647;
			files = (
			);
			runOnlyForDeploymentPostprocessing = 0;
		};
/* End PBXFrameworksBuildPhase section */

/* Begin PBXGroup section */
		114AD5802D9F0EB500585EC9 = {
			isa = PBXGroup;
			children = (
				114AD58B2D9F0EB500585EC9 /* iKnowTheColor */,
				114AD59C2D9F0EB700585EC9 /* iKnowTheColorTests */,
				114AD5A62D9F0EB700585EC9 /* iKnowTheColorUITests */,
				114AD58A2D9F0EB500585EC9 /* Products */,
			);
			sourceTree = "<group>";
		};
		114AD58A2D9F0EB500585EC9 /* Products */ = {
			isa = PBXGroup;
			children = (
				114AD5892D9F0EB500585EC9 /* iKnowTheColor.app */,
				114AD5992D9F0EB700585EC9 /* iKnowTheColorTests.xctest */,
				114AD5A32D9F0EB700585EC9 /* iKnowTheColorUITests.xctest */,
			);
			name = Products;
			sourceTree = "<group>";
		};
/* End PBXGroup section */

/* Begin PBXNativeTarget section */
		114AD5882D9F0EB500585EC9 /* iKnowTheColor */ = {
			isa = PBXNativeTarget;
			buildConfigurationList = 114AD5AD2D9F0EB700585EC9 /* Build configuration list for PBXNativeTarget "iKnowTheColor" */;
			buildPhases = (
				114AD5852D9F0EB500585EC9 /* Sources */,
				114AD5862D9F0EB500585EC9 /* Frameworks */,
				114AD5872D9F0EB500585EC9 /* Resources */,
			);
			buildRules = (
			);
			dependencies = (
			);
			fileSystemSynchronizedGroups = (
				114AD58B2D9F0EB500585EC9 /* iKnowTheColor */,
			);
			name = iKnowTheColor;
			packageProductDependencies = (
			);
			productName = iKnowTheColor;
			productReference = 114AD5892D9F0EB500585EC9 /* iKnowTheColor.app */;
			productType = "com.apple.product-type.application";
		};
		114AD5982D9F0EB700585EC9 /* iKnowTheColorTests */ = {
			isa = PBXNativeTarget;
			buildConfigurationList = 114AD5B02D9F0EB700585EC9 /* Build configuration list for PBXNativeTarget "iKnowTheColorTests" */;
			buildPhases = (
				114AD5952D9F0EB700585EC9 /* Sources */,
				114AD5962D9F0EB700585EC9 /* Frameworks */,
				114AD5972D9F0EB700585EC9 /* Resources */,
			);
			buildRules = (
			);
			dependencies = (
				114AD59B2D9F0EB700585EC9 /* PBXTargetDependency */,
			);
			fileSystemSynchronizedGroups = (
				114AD59C2D9F0EB700585EC9 /* iKnowTheColorTests */,
			);
			name = iKnowTheColorTests;
			packageProductDependencies = (
			);
			productName = iKnowTheColorTests;
			productReference = 114AD5992D9F0EB700585EC9 /* iKnowTheColorTests.xctest */;
			productType = "com.apple.product-type.bundle.unit-test";
		};
		114AD5A22D9F0EB700585EC9 /* iKnowTheColorUITests */ = {
			isa = PBXNativeTarget;
			buildConfigurationList = 114AD5B32D9F0EB700585EC9 /* Build configuration list for PBXNativeTarget "iKnowTheColorUITests" */;
			buildPhases = (
				114AD59F2D9F0EB700585EC9 /* Sources */,
				114AD5A02D9F0EB700585EC9 /* Frameworks */,
				114AD5A12D9F0EB700585EC9 /* Resources */,
			);
			buildRules = (
			);
			dependencies = (
				114AD5A52D9F0EB700585EC9 /* PBXTargetDependency */,
			);
			fileSystemSynchronizedGroups = (
				114AD5A62D9F0EB700585EC9 /* iKnowTheColorUITests */,
			);
			name = iKnowTheColorUITests;
			packageProductDependencies = (
			);
			productName = iKnowTheColorUITests;
			productReference = 114AD5A32D9F0EB700585EC9 /* iKnowTheColorUITests.xctest */;
			productType = "com.apple.product-type.bundle.ui-testing";
		};
/* End PBXNativeTarget section */

/* Begin PBXProject section */
		114AD5812D9F0EB500585EC9 /* Project object */ = {
			isa = PBXProject;
			attributes = {
				BuildIndependentTargetsInParallel = 1;
				LastSwiftUpdateCheck = 1620;
				LastUpgradeCheck = 1620;
				TargetAttributes = {
					114AD5882D9F0EB500585EC9 = {
						CreatedOnToolsVersion = 16.2;
					};
					114AD5982D9F0EB700585EC9 = {
						CreatedOnToolsVersion = 16.2;
						TestTargetID = 114AD5882D9F0EB500585EC9;
					};
					114AD5A22D9F0EB700585EC9 = {
						CreatedOnToolsVersion = 16.2;
						TestTargetID = 114AD5882D9F0EB500585EC9;
					};
				};
			};
			buildConfigurationList = 114AD5842D9F0EB500585EC9 /* Build configuration list for PBXProject "iKnowTheColor" */;
			developmentRegion = en;
			hasScannedForEncodings = 0;
			knownRegions = (
				en,
				Base,
			);
			mainGroup = 114AD5802D9F0EB500585EC9;
			minimizedProjectReferenceProxies = 1;
			preferredProjectObjectVersion = 77;
			productRefGroup = 114AD58A2D9F0EB500585EC9 /* Products */;
			projectDirPath = "";
			projectRoot = "";
			targets = (
				114AD5882D9F0EB500585EC9 /* iKnowTheColor */,
				114AD5982D9F0EB700585EC9 /* iKnowTheColorTests */,
				114AD5A22D9F0EB700585EC9 /* iKnowTheColorUITests */,
			);
		};
/* End PBXProject section */

/* Begin PBXResourcesBuildPhase section */
		114AD5872D9F0EB500585EC9 /* Resources */ = {
			isa = PBXResourcesBuildPhase;
			buildActionMask = 2147483647;
			files = (
			);
			runOnlyForDeploymentPostprocessing = 0;
		};
		114AD5972D9F0EB700585EC9 /* Resources */ = {
			isa = PBXResourcesBuildPhase;
			buildActionMask = 2147483647;
			files = (
			);
			runOnlyForDeploymentPostprocessing = 0;
		};
		114AD5A12D9F0EB700585EC9 /* Resources */ = {
			isa = PBXResourcesBuildPhase;
			buildActionMask = 2147483647;
			files = (
			);
			runOnlyForDeploymentPostprocessing = 0;
		};
/* End PBXResourcesBuildPhase section */

/* Begin PBXSourcesBuildPhase section */
		114AD5852D9F0EB500585EC9 /* Sources */ = {
			isa = PBXSourcesBuildPhase;
			buildActionMask = 2147483647;
			files = (
			);
			runOnlyForDeploymentPostprocessing = 0;
		};
		114AD5952D9F0EB700585EC9 /* Sources */ = {
			isa = PBXSourcesBuildPhase;
			buildActionMask = 2147483647;
			files = (
			);
			runOnlyForDeploymentPostprocessing = 0;
		};
		114AD59F2D9F0EB700585EC9 /* Sources */ = {
			isa = PBXSourcesBuildPhase;
			buildActionMask = 2147483647;
			files = (
			);
			runOnlyForDeploymentPostprocessing = 0;
		};
/* End PBXSourcesBuildPhase section */

/* Begin PBXTargetDependency section */
		114AD59B2D9F0EB700585EC9 /* PBXTargetDependency */ = {
			isa = PBXTargetDependency;
			target = 114AD5882D9F0EB500585EC9 /* iKnowTheColor */;
			targetProxy = 114AD59A2D9F0EB700585EC9 /* PBXContainerItemProxy */;
		};
		114AD5A52D9F0EB700585EC9 /* PBXTargetDependency */ = {
			isa = PBXTargetDependency;
			target = 114AD5882D9F0EB500585EC9 /* iKnowTheColor */;
			targetProxy = 114AD5A42D9F0EB700585EC9 /* PBXContainerItemProxy */;
		};
/* End PBXTargetDependency section */

/* Begin XCBuildConfiguration section */
		114AD5AB2D9F0EB700585EC9 /* Debug */ = {
			isa = XCBuildConfiguration;
			buildSettings = {
				ALWAYS_SEARCH_USER_PATHS = NO;
				ASSETCATALOG_COMPILER_GENERATE_SWIFT_ASSET_SYMBOL_EXTENSIONS = YES;
				CLANG_ANALYZER_NONNULL = YES;
				CLANG_ANALYZER_NUMBER_OBJECT_CONVERSION = YES_AGGRESSIVE;
				CLANG_CXX_LANGUAGE_STANDARD = "gnu++20";
				CLANG_ENABLE_MODULES = YES;
				CLANG_ENABLE_OBJC_ARC = YES;
				CLANG_ENABLE_OBJC_WEAK = YES;
				CLANG_WARN_BLOCK_CAPTURE_AUTORELEASING = YES;
				CLANG_WARN_BOOL_CONVERSION = YES;
				CLANG_WARN_COMMA = YES;
				CLANG_WARN_CONSTANT_CONVERSION = YES;
				CLANG_WARN_DEPRECATED_OBJC_IMPLEMENTATIONS = YES;
				CLANG_WARN_DIRECT_OBJC_ISA_USAGE = YES_ERROR;
				CLANG_WARN_DOCUMENTATION_COMMENTS = YES;
				CLANG_WARN_EMPTY_BODY = YES;
				CLANG_WARN_ENUM_CONVERSION = YES;
				CLANG_WARN_INFINITE_RECURSION = YES;
				CLANG_WARN_INT_CONVERSION = YES;
				CLANG_WARN_NON_LITERAL_NULL_CONVERSION = YES;
				CLANG_WARN_OBJC_IMPLICIT_RETAIN_SELF = YES;
				CLANG_WARN_OBJC_LITERAL_CONVERSION = YES;
				CLANG_WARN_OBJC_ROOT_CLASS = YES_ERROR;
				CLANG_WARN_QUOTED_INCLUDE_IN_FRAMEWORK_HEADER = YES;
				CLANG_WARN_RANGE_LOOP_ANALYSIS = YES;
				CLANG_WARN_STRICT_PROTOTYPES = YES;
				CLANG_WARN_SUSPICIOUS_MOVE = YES;
				CLANG_WARN_UNGUARDED_AVAILABILITY = YES_AGGRESSIVE;
				CLANG_WARN_UNREACHABLE_CODE = YES;
				CLANG_WARN__DUPLICATE_METHOD_MATCH = YES;
				COPY_PHASE_STRIP = NO;
				DEBUG_INFORMATION_FORMAT = dwarf;
				ENABLE_STRICT_OBJC_MSGSEND = YES;
				ENABLE_TESTABILITY = YES;
				ENABLE_USER_SCRIPT_SANDBOXING = YES;
				GCC_C_LANGUAGE_STANDARD = gnu17;
				GCC_DYNAMIC_NO_PIC = NO;
				GCC_NO_COMMON_BLOCKS = YES;
				GCC_OPTIMIZATION_LEVEL = 0;
				GCC_PREPROCESSOR_DEFINITIONS = (
					"DEBUG=1",
					"$(inherited)",
				);
				GCC_WARN_64_TO_32_BIT_CONVERSION = YES;
				GCC_WARN_ABOUT_RETURN_TYPE = YES_ERROR;
				GCC_WARN_UNDECLARED_SELECTOR = YES;
				GCC_WARN_UNINITIALIZED_AUTOS = YES_AGGRESSIVE;
				GCC_WARN_UNUSED_FUNCTION = YES;
				GCC_WARN_UNUSED_VARIABLE = YES;
				IPHONEOS_DEPLOYMENT_TARGET = 18.2;
				LOCALIZATION_PREFERS_STRING_CATALOGS = YES;
				MTL_ENABLE_DEBUG_INFO = INCLUDE_SOURCE;
				MTL_FAST_MATH = YES;
				ONLY_ACTIVE_ARCH = YES;
				SDKROOT = iphoneos;
				SWIFT_ACTIVE_COMPILATION_CONDITIONS = "DEBUG $(inherited)";
				SWIFT_OPTIMIZATION_LEVEL = "-Onone";
			};
			name = Debug;
		};
		114AD5AC2D9F0EB700585EC9 /* Release */ = {
			isa = XCBuildConfiguration;
			buildSettings = {
				ALWAYS_SEARCH_USER_PATHS = NO;
				ASSETCATALOG_COMPILER_GENERATE_SWIFT_ASSET_SYMBOL_EXTENSIONS = YES;
				CLANG_ANALYZER_NONNULL = YES;
				CLANG_ANALYZER_NUMBER_OBJECT_CONVERSION = YES_AGGRESSIVE;
				CLANG_CXX_LANGUAGE_STANDARD = "gnu++20";
				CLANG_ENABLE_MODULES = YES;
				CLANG_ENABLE_OBJC_ARC = YES;
				CLANG_ENABLE_OBJC_WEAK = YES;
				CLANG_WARN_BLOCK_CAPTURE_AUTORELEASING = YES;
				CLANG_WARN_BOOL_CONVERSION = YES;
				CLANG_WARN_COMMA = YES;
				CLANG_WARN_CONSTANT_CONVERSION = YES;
				CLANG_WARN_DEPRECATED_OBJC_IMPLEMENTATIONS = YES;
				CLANG_WARN_DIRECT_OBJC_ISA_USAGE = YES_ERROR;
				CLANG_WARN_DOCUMENTATION_COMMENTS = YES;
				CLANG_WARN_EMPTY_BODY = YES;
				CLANG_WARN_ENUM_CONVERSION = YES;
				CLANG_WARN_INFINITE_RECURSION = YES;
				CLANG_WARN_INT_CONVERSION = YES;
				CLANG_WARN_NON_LITERAL_NULL_CONVERSION = YES;
				CLANG_WARN_OBJC_IMPLICIT_RETAIN_SELF = YES;
				CLANG_WARN_OBJC_LITERAL_CONVERSION = YES;
				CLANG_WARN_OBJC_ROOT_CLASS = YES_ERROR;
				CLANG_WARN_QUOTED_INCLUDE_IN_FRAMEWORK_HEADER = YES;
				CLANG_WARN_RANGE_LOOP_ANALYSIS = YES;
				CLANG_WARN_STRICT_PROTOTYPES = YES;
				CLANG_WARN_SUSPICIOUS_MOVE = YES;
				CLANG_WARN_UNGUARDED_AVAILABILITY = YES_AGGRESSIVE;
				CLANG_WARN_UNREACHABLE_CODE = YES;
				CLANG_WARN__DUPLICATE_METHOD_MATCH = YES;
				COPY_PHASE_STRIP = NO;
				DEBUG_INFORMATION_FORMAT = "dwarf-with-dsym";
				ENABLE_NS_ASSERTIONS = NO;
				ENABLE_STRICT_OBJC_MSGSEND = YES;
				ENABLE_USER_SCRIPT_SANDBOXING = YES;
				GCC_C_LANGUAGE_STANDARD = gnu17;
				GCC_NO_COMMON_BLOCKS = YES;
				GCC_WARN_64_TO_32_BIT_CONVERSION = YES;
				GCC_WARN_ABOUT_RETURN_TYPE = YES_ERROR;
				GCC_WARN_UNDECLARED_SELECTOR = YES;
				GCC_WARN_UNINITIALIZED_AUTOS = YES_AGGRESSIVE;
				GCC_WARN_UNUSED_FUNCTION = YES;
				GCC_WARN_UNUSED_VARIABLE = YES;
				IPHONEOS_DEPLOYMENT_TARGET = 18.2;
				LOCALIZATION_PREFERS_STRING_CATALOGS = YES;
				MTL_ENABLE_DEBUG_INFO = NO;
				MTL_FAST_MATH = YES;
				SDKROOT = iphoneos;
				SWIFT_COMPILATION_MODE = wholemodule;
				VALIDATE_PRODUCT = YES;
			};
			name = Release;
		};
		114AD5AE2D9F0EB700585EC9 /* Debug */ = {
			isa = XCBuildConfiguration;
			buildSettings = {
				ASSETCATALOG_COMPILER_APPICON_NAME = AppIcon;
				ASSETCATALOG_COMPILER_GLOBAL_ACCENT_COLOR_NAME = AccentColor;
				CODE_SIGN_STYLE = Automatic;
				CURRENT_PROJECT_VERSION = 1;
				DEVELOPMENT_ASSET_PATHS = "\"iKnowTheColor/Preview Content\"";
				DEVELOPMENT_TEAM = 4KCT9455S7;
				ENABLE_PREVIEWS = YES;
				GENERATE_INFOPLIST_FILE = YES;
				INFOPLIST_FILE = iKnowTheColor/Info.plist;
				INFOPLIST_KEY_NSCameraUsageDescription = "Camera access is required for color detection for the visually impaired.";
				INFOPLIST_KEY_UIApplicationSceneManifest_Generation = YES;
				INFOPLIST_KEY_UIApplicationSupportsIndirectInputEvents = YES;
				INFOPLIST_KEY_UILaunchScreen_Generation = YES;
				INFOPLIST_KEY_UISupportedInterfaceOrientations_iPad = "UIInterfaceOrientationPortrait UIInterfaceOrientationPortraitUpsideDown UIInterfaceOrientationLandscapeLeft UIInterfaceOrientationLandscapeRight";
				INFOPLIST_KEY_UISupportedInterfaceOrientations_iPhone = "UIInterfaceOrientationPortrait UIInterfaceOrientationLandscapeLeft UIInterfaceOrientationLandscapeRight";
				LD_RUNPATH_SEARCH_PATHS = (
					"$(inherited)",
					"@executable_path/Frameworks",
				);
				MARKETING_VERSION = 1.0;
				PRODUCT_BUNDLE_IDENTIFIER = com.lifelper.iExpense;
				PRODUCT_NAME = "$(TARGET_NAME)";
				SWIFT_EMIT_LOC_STRINGS = YES;
				SWIFT_VERSION = 5.0;
				TARGETED_DEVICE_FAMILY = "1,2";
			};
			name = Debug;
		};
		114AD5AF2D9F0EB700585EC9 /* Release */ = {
			isa = XCBuildConfiguration;
			buildSettings = {
				ASSETCATALOG_COMPILER_APPICON_NAME = AppIcon;
				ASSETCATALOG_COMPILER_GLOBAL_ACCENT_COLOR_NAME = AccentColor;
				CODE_SIGN_STYLE = Automatic;
				CURRENT_PROJECT_VERSION = 1;
				DEVELOPMENT_ASSET_PATHS = "\"iKnowTheColor/Preview Content\"";
				DEVELOPMENT_TEAM = 4KCT9455S7;
				ENABLE_PREVIEWS = YES;
				GENERATE_INFOPLIST_FILE = YES;
				INFOPLIST_FILE = iKnowTheColor/Info.plist;
				INFOPLIST_KEY_NSCameraUsageDescription = "Camera access is required for color detection for the visually impaired.";
				INFOPLIST_KEY_UIApplicationSceneManifest_Generation = YES;
				INFOPLIST_KEY_UIApplicationSupportsIndirectInputEvents = YES;
				INFOPLIST_KEY_UILaunchScreen_Generation = YES;
				INFOPLIST_KEY_UISupportedInterfaceOrientations_iPad = "UIInterfaceOrientationPortrait UIInterfaceOrientationPortraitUpsideDown UIInterfaceOrientationLandscapeLeft UIInterfaceOrientationLandscapeRight";
				INFOPLIST_KEY_UISupportedInterfaceOrientations_iPhone = "UIInterfaceOrientationPortrait UIInterfaceOrientationLandscapeLeft UIInterfaceOrientationLandscapeRight";
				LD_RUNPATH_SEARCH_PATHS = (
					"$(inherited)",
					"@executable_path/Frameworks",
				);
				MARKETING_VERSION = 1.0;
				PRODUCT_BUNDLE_IDENTIFIER = com.lifelper.iExpense;
				PRODUCT_NAME = "$(TARGET_NAME)";
				SWIFT_EMIT_LOC_STRINGS = YES;
				SWIFT_VERSION = 5.0;
				TARGETED_DEVICE_FAMILY = "1,2";
			};
			name = Release;
		};
		114AD5B12D9F0EB700585EC9 /* Debug */ = {
			isa = XCBuildConfiguration;
			buildSettings = {
				BUNDLE_LOADER = "$(TEST_HOST)";
				CODE_SIGN_STYLE = Automatic;
				CURRENT_PROJECT_VERSION = 1;
				DEVELOPMENT_TEAM = 4KCT9455S7;
				GENERATE_INFOPLIST_FILE = YES;
				IPHONEOS_DEPLOYMENT_TARGET = 18.2;
				MARKETING_VERSION = 1.0;
				PRODUCT_BUNDLE_IDENTIFIER = com.lifelper.iKnowTheColorTests;
				PRODUCT_NAME = "$(TARGET_NAME)";
				SWIFT_EMIT_LOC_STRINGS = NO;
				SWIFT_VERSION = 5.0;
				TARGETED_DEVICE_FAMILY = "1,2";
				TEST_HOST = "$(BUILT_PRODUCTS_DIR)/iKnowTheColor.app/$(BUNDLE_EXECUTABLE_FOLDER_PATH)/iKnowTheColor";
			};
			name = Debug;
		};
		114AD5B22D9F0EB700585EC9 /* Release */ = {
			isa = XCBuildConfiguration;
			buildSettings = {
				BUNDLE_LOADER = "$(TEST_HOST)";
				CODE_SIGN_STYLE = Automatic;
				CURRENT_PROJECT_VERSION = 1;
				DEVELOPMENT_TEAM = 4KCT9455S7;
				GENERATE_INFOPLIST_FILE = YES;
				IPHONEOS_DEPLOYMENT_TARGET = 18.2;
				MARKETING_VERSION = 1.0;
				PRODUCT_BUNDLE_IDENTIFIER = com.lifelper.iKnowTheColorTests;
				PRODUCT_NAME = "$(TARGET_NAME)";
				SWIFT_EMIT_LOC_STRINGS = NO;
				SWIFT_VERSION = 5.0;
				TARGETED_DEVICE_FAMILY = "1,2";
				TEST_HOST = "$(BUILT_PRODUCTS_DIR)/iKnowTheColor.app/$(BUNDLE_EXECUTABLE_FOLDER_PATH)/iKnowTheColor";
			};
			name = Release;
		};
		114AD5B42D9F0EB700585EC9 /* Debug */ = {
			isa = XCBuildConfiguration;
			buildSettings = {
				CODE_SIGN_STYLE = Automatic;
				CURRENT_PROJECT_VERSION = 1;
				DEVELOPMENT_TEAM = 4KCT9455S7;
				GENERATE_INFOPLIST_FILE = YES;
				MARKETING_VERSION = 1.0;
				PRODUCT_BUNDLE_IDENTIFIER = com.lifelper.iKnowTheColorUITests;
				PRODUCT_NAME = "$(TARGET_NAME)";
				SWIFT_EMIT_LOC_STRINGS = NO;
				SWIFT_VERSION = 5.0;
				TARGETED_DEVICE_FAMILY = "1,2";
				TEST_TARGET_NAME = iKnowTheColor;
			};
			name = Debug;
		};
		114AD5B52D9F0EB700585EC9 /* Release */ = {
			isa = XCBuildConfiguration;
			buildSettings = {
				CODE_SIGN_STYLE = Automatic;
				CURRENT_PROJECT_VERSION = 1;
				DEVELOPMENT_TEAM = 4KCT9455S7;
				GENERATE_INFOPLIST_FILE = YES;
				MARKETING_VERSION = 1.0;
				PRODUCT_BUNDLE_IDENTIFIER = com.lifelper.iKnowTheColorUITests;
				PRODUCT_NAME = "$(TARGET_NAME)";
				SWIFT_EMIT_LOC_STRINGS = NO;
				SWIFT_VERSION = 5.0;
				TARGETED_DEVICE_FAMILY = "1,2";
				TEST_TARGET_NAME = iKnowTheColor;
			};
			name = Release;
		};
/* End XCBuildConfiguration section */

/* Begin XCConfigurationList section */
		114AD5842D9F0EB500585EC9 /* Build configuration list for PBXProject "iKnowTheColor" */ = {
			isa = XCConfigurationList;
			buildConfigurations = (
				114AD5AB2D9F0EB700585EC9 /* Debug */,
				114AD5AC2D9F0EB700585EC9 /* Release */,
			);
			defaultConfigurationIsVisible = 0;
			defaultConfigurationName = Release;
		};
		114AD5AD2D9F0EB700585EC9 /* Build configuration list for PBXNativeTarget "iKnowTheColor" */ = {
			isa = XCConfigurationList;
			buildConfigurations = (
				114AD5AE2D9F0EB700585EC9 /* Debug */,
				114AD5AF2D9F0EB700585EC9 /* Release */,
			);
			defaultConfigurationIsVisible = 0;
			defaultConfigurationName = Release;
		};
		114AD5B02D9F0EB700585EC9 /* Build configuration list for PBXNativeTarget "iKnowTheColorTests" */ = {
			isa = XCConfigurationList;
			buildConfigurations = (
				114AD5B12D9F0EB700585EC9 /* Debug */,
				114AD5B22D9F0EB700585EC9 /* Release */,
			);
			defaultConfigurationIsVisible = 0;
			defaultConfigurationName = Release;
		};
		114AD5B32D9F0EB700585EC9 /* Build configuration list for PBXNativeTarget "iKnowTheColorUITests" */ = {
			isa = XCConfigurationList;
			buildConfigurations = (
				114AD5B42D9F0EB700585EC9 /* Debug */,
				114AD5B52D9F0EB700585EC9 /* Release */,
			);
			defaultConfigurationIsVisible = 0;
			defaultConfigurationName = Release;
		};
/* End XCConfigurationList section */
	};
	rootObject = 114AD5812D9F0EB500585EC9 /* Project object */;
}
